// !$*UTF8*$!
{
	archiveVersion = 1;
	classes = {
	};
	objectVersion = 56;
	objects = {

/* Begin PBXBuildFile section */
		017A82102A0E82F800EB3BD0 /* PersonalTVC.swift in Sources */ = {isa = PBXBuildFile; fileRef = 017A820E2A0E82F800EB3BD0 /* PersonalTVC.swift */; };
		017A82112A0E82F800EB3BD0 /* PersonalTVC.xib in Resources */ = {isa = PBXBuildFile; fileRef = 017A820F2A0E82F800EB3BD0 /* PersonalTVC.xib */; };
		017A82152A0E831400EB3BD0 /* CardTVC.swift in Sources */ = {isa = PBXBuildFile; fileRef = 017A82132A0E831400EB3BD0 /* CardTVC.swift */; };
		017A82162A0E831400EB3BD0 /* CardTVC.xib in Resources */ = {isa = PBXBuildFile; fileRef = 017A82142A0E831400EB3BD0 /* CardTVC.xib */; };
		017A82192A0E832200EB3BD0 /* TransferTVC.swift in Sources */ = {isa = PBXBuildFile; fileRef = 017A82172A0E832200EB3BD0 /* TransferTVC.swift */; };
		017A821A2A0E832200EB3BD0 /* TransferTVC.xib in Resources */ = {isa = PBXBuildFile; fileRef = 017A82182A0E832200EB3BD0 /* TransferTVC.xib */; };
		017A821D2A0E833300EB3BD0 /* NoteTVC.swift in Sources */ = {isa = PBXBuildFile; fileRef = 017A821B2A0E833300EB3BD0 /* NoteTVC.swift */; };
		017A821E2A0E833300EB3BD0 /* NoteTVC.xib in Resources */ = {isa = PBXBuildFile; fileRef = 017A821C2A0E833300EB3BD0 /* NoteTVC.xib */; };
		017A82212A0E834100EB3BD0 /* HeaderTVC.swift in Sources */ = {isa = PBXBuildFile; fileRef = 017A821F2A0E834100EB3BD0 /* HeaderTVC.swift */; };
		017A82222A0E834100EB3BD0 /* HeaderTVC.xib in Resources */ = {isa = PBXBuildFile; fileRef = 017A82202A0E834100EB3BD0 /* HeaderTVC.xib */; };
		017A82242A0E916300EB3BD0 /* UITableView+Extensions.swift in Sources */ = {isa = PBXBuildFile; fileRef = 017A82232A0E916300EB3BD0 /* UITableView+Extensions.swift */; };
		017A82262A0ED02300EB3BD0 /* UserDefaultsHelper.swift in Sources */ = {isa = PBXBuildFile; fileRef = 017A82252A0ED02300EB3BD0 /* UserDefaultsHelper.swift */; };
		017A82282A0ED07900EB3BD0 /* TransferListDomainModel.swift in Sources */ = {isa = PBXBuildFile; fileRef = 017A82272A0ED07900EB3BD0 /* TransferListDomainModel.swift */; };
		0194102B2A0E26ED00BC7454 /* BaseCoordinator.swift in Sources */ = {isa = PBXBuildFile; fileRef = 01940FFA2A0E26EC00BC7454 /* BaseCoordinator.swift */; };
		0194102C2A0E26ED00BC7454 /* ApplicationDataContainer.swift in Sources */ = {isa = PBXBuildFile; fileRef = 01940FFC2A0E26EC00BC7454 /* ApplicationDataContainer.swift */; };
		0194102D2A0E26ED00BC7454 /* DependencyContainer.swift in Sources */ = {isa = PBXBuildFile; fileRef = 01940FFD2A0E26EC00BC7454 /* DependencyContainer.swift */; };
		0194102E2A0E26ED00BC7454 /* ApplicationFlow.swift in Sources */ = {isa = PBXBuildFile; fileRef = 01940FFE2A0E26EC00BC7454 /* ApplicationFlow.swift */; };
		0194102F2A0E26ED00BC7454 /* RequestHeaderBuilder.swift in Sources */ = {isa = PBXBuildFile; fileRef = 019410012A0E26EC00BC7454 /* RequestHeaderBuilder.swift */; };
		019410302A0E26ED00BC7454 /* NetworkRouter.swift in Sources */ = {isa = PBXBuildFile; fileRef = 019410022A0E26EC00BC7454 /* NetworkRouter.swift */; };
		019410312A0E26ED00BC7454 /* Retrier.swift in Sources */ = {isa = PBXBuildFile; fileRef = 019410032A0E26EC00BC7454 /* Retrier.swift */; };
		019410322A0E26ED00BC7454 /* APIRequest.swift in Sources */ = {isa = PBXBuildFile; fileRef = 019410042A0E26EC00BC7454 /* APIRequest.swift */; };
		019410362A0E26ED00BC7454 /* NetworkServices.swift in Sources */ = {isa = PBXBuildFile; fileRef = 0194100B2A0E26EC00BC7454 /* NetworkServices.swift */; };
		019410372A0E26ED00BC7454 /* Assets.xcassets in Resources */ = {isa = PBXBuildFile; fileRef = 0194100C2A0E26EC00BC7454 /* Assets.xcassets */; };
		019410382A0E26ED00BC7454 /* LaunchScreen.storyboard in Resources */ = {isa = PBXBuildFile; fileRef = 0194100D2A0E26EC00BC7454 /* LaunchScreen.storyboard */; };
		019410392A0E26ED00BC7454 /* UIViewController+Extensions.swift in Sources */ = {isa = PBXBuildFile; fileRef = 019410102A0E26EC00BC7454 /* UIViewController+Extensions.swift */; };
		0194103A2A0E26ED00BC7454 /* String+Extensions.swift in Sources */ = {isa = PBXBuildFile; fileRef = 019410112A0E26EC00BC7454 /* String+Extensions.swift */; };
		0194103B2A0E26ED00BC7454 /* UINavigationController+Extension.swift in Sources */ = {isa = PBXBuildFile; fileRef = 019410122A0E26EC00BC7454 /* UINavigationController+Extension.swift */; };
		0194103C2A0E26ED00BC7454 /* AppDelegate.swift in Sources */ = {isa = PBXBuildFile; fileRef = 019410132A0E26EC00BC7454 /* AppDelegate.swift */; };
		019410462A0E26ED00BC7454 /* BaseViewController.swift in Sources */ = {isa = PBXBuildFile; fileRef = 019410272A0E26EC00BC7454 /* BaseViewController.swift */; };
		019410472A0E26ED00BC7454 /* BaseViewModel.swift in Sources */ = {isa = PBXBuildFile; fileRef = 019410282A0E26EC00BC7454 /* BaseViewModel.swift */; };
		019410482A0E26ED00BC7454 /* AppEnvironment.swift in Sources */ = {isa = PBXBuildFile; fileRef = 019410292A0E26EC00BC7454 /* AppEnvironment.swift */; };
		019410492A0E26ED00BC7454 /* StoryboardInstantiable.swift in Sources */ = {isa = PBXBuildFile; fileRef = 0194102A2A0E26EC00BC7454 /* StoryboardInstantiable.swift */; };
		0194104C2A0E290600BC7454 /* SDWebImage in Frameworks */ = {isa = PBXBuildFile; productRef = 0194104B2A0E290600BC7454 /* SDWebImage */; };
		0194104E2A0E2A2400BC7454 /* UIView+Extensions.swift in Sources */ = {isa = PBXBuildFile; fileRef = 0194104D2A0E2A2400BC7454 /* UIView+Extensions.swift */; };
		019410512A0E2B3800BC7454 /* PlistHelper.swift in Sources */ = {isa = PBXBuildFile; fileRef = 019410502A0E2B3800BC7454 /* PlistHelper.swift */; };
		019410532A0E2C5E00BC7454 /* TransferListServices.swift in Sources */ = {isa = PBXBuildFile; fileRef = 019410522A0E2C5E00BC7454 /* TransferListServices.swift */; };
		019410552A0E2C9300BC7454 /* TransferListModel.swift in Sources */ = {isa = PBXBuildFile; fileRef = 019410542A0E2C9300BC7454 /* TransferListModel.swift */; };
		019410572A0E2CC800BC7454 /* PersonModel.swift in Sources */ = {isa = PBXBuildFile; fileRef = 019410562A0E2CC800BC7454 /* PersonModel.swift */; };
		019410592A0E2CF100BC7454 /* CardModel.swift in Sources */ = {isa = PBXBuildFile; fileRef = 019410582A0E2CF100BC7454 /* CardModel.swift */; };
		0194105B2A0E2D1C00BC7454 /* MoreInfoModel.swift in Sources */ = {isa = PBXBuildFile; fileRef = 0194105A2A0E2D1C00BC7454 /* MoreInfoModel.swift */; };
		019410612A0E2FE300BC7454 /* TransferListCoordinator.swift in Sources */ = {isa = PBXBuildFile; fileRef = 019410602A0E2FE300BC7454 /* TransferListCoordinator.swift */; };
		019410632A0E2FFB00BC7454 /* TransferListViewModel.swift in Sources */ = {isa = PBXBuildFile; fileRef = 019410622A0E2FFB00BC7454 /* TransferListViewModel.swift */; };
		019410652A0E301B00BC7454 /* TransferListViewController.swift in Sources */ = {isa = PBXBuildFile; fileRef = 019410642A0E301B00BC7454 /* TransferListViewController.swift */; };
		019410672A0E310500BC7454 /* TransferListViewController.storyboard in Resources */ = {isa = PBXBuildFile; fileRef = 019410662A0E310500BC7454 /* TransferListViewController.storyboard */; };
		0194106A2A0E327600BC7454 /* AlamofireEasyLogger in Frameworks */ = {isa = PBXBuildFile; productRef = 019410692A0E327600BC7454 /* AlamofireEasyLogger */; };
		019410712A0E3B7300BC7454 /* TransferListTVC.swift in Sources */ = {isa = PBXBuildFile; fileRef = 0194106F2A0E3B7300BC7454 /* TransferListTVC.swift */; };
		019410722A0E3B7300BC7454 /* TransferListTVC.xib in Resources */ = {isa = PBXBuildFile; fileRef = 019410702A0E3B7300BC7454 /* TransferListTVC.xib */; };
		019410782A0E78F000BC7454 /* TransferDetailCoordinator.swift in Sources */ = {isa = PBXBuildFile; fileRef = 019410772A0E78F000BC7454 /* TransferDetailCoordinator.swift */; };
		0194107A2A0E792200BC7454 /* TransferDetailViewModel.swift in Sources */ = {isa = PBXBuildFile; fileRef = 019410792A0E792200BC7454 /* TransferDetailViewModel.swift */; };
		0194107C2A0E793800BC7454 /* TransferDetailViewController.swift in Sources */ = {isa = PBXBuildFile; fileRef = 0194107B2A0E793800BC7454 /* TransferDetailViewController.swift */; };
		0194107E2A0E794600BC7454 /* TransferDetailViewController.storyboard in Resources */ = {isa = PBXBuildFile; fileRef = 0194107D2A0E794600BC7454 /* TransferDetailViewController.storyboard */; };
		D5FC178B29ED694A005800F4 /* Alamofire in Frameworks */ = {isa = PBXBuildFile; productRef = D5FC178A29ED694A005800F4 /* Alamofire */; };
		D5FC179D29ED7BD2005800F4 /* Swime in Frameworks */ = {isa = PBXBuildFile; productRef = D5FC179C29ED7BD2005800F4 /* Swime */; };
/* End PBXBuildFile section */

/* Begin PBXFileReference section */
		017A820E2A0E82F800EB3BD0 /* PersonalTVC.swift */ = {isa = PBXFileReference; lastKnownFileType = sourcecode.swift; path = PersonalTVC.swift; sourceTree = "<group>"; };
		017A820F2A0E82F800EB3BD0 /* PersonalTVC.xib */ = {isa = PBXFileReference; lastKnownFileType = file.xib; path = PersonalTVC.xib; sourceTree = "<group>"; };
		017A82132A0E831400EB3BD0 /* CardTVC.swift */ = {isa = PBXFileReference; lastKnownFileType = sourcecode.swift; path = CardTVC.swift; sourceTree = "<group>"; };
		017A82142A0E831400EB3BD0 /* CardTVC.xib */ = {isa = PBXFileReference; lastKnownFileType = file.xib; path = CardTVC.xib; sourceTree = "<group>"; };
		017A82172A0E832200EB3BD0 /* TransferTVC.swift */ = {isa = PBXFileReference; lastKnownFileType = sourcecode.swift; path = TransferTVC.swift; sourceTree = "<group>"; };
		017A82182A0E832200EB3BD0 /* TransferTVC.xib */ = {isa = PBXFileReference; lastKnownFileType = file.xib; path = TransferTVC.xib; sourceTree = "<group>"; };
		017A821B2A0E833300EB3BD0 /* NoteTVC.swift */ = {isa = PBXFileReference; lastKnownFileType = sourcecode.swift; path = NoteTVC.swift; sourceTree = "<group>"; };
		017A821C2A0E833300EB3BD0 /* NoteTVC.xib */ = {isa = PBXFileReference; lastKnownFileType = file.xib; path = NoteTVC.xib; sourceTree = "<group>"; };
		017A821F2A0E834100EB3BD0 /* HeaderTVC.swift */ = {isa = PBXFileReference; lastKnownFileType = sourcecode.swift; path = HeaderTVC.swift; sourceTree = "<group>"; };
		017A82202A0E834100EB3BD0 /* HeaderTVC.xib */ = {isa = PBXFileReference; lastKnownFileType = file.xib; path = HeaderTVC.xib; sourceTree = "<group>"; };
		017A82232A0E916300EB3BD0 /* UITableView+Extensions.swift */ = {isa = PBXFileReference; lastKnownFileType = sourcecode.swift; path = "UITableView+Extensions.swift"; sourceTree = "<group>"; };
		017A82252A0ED02300EB3BD0 /* UserDefaultsHelper.swift */ = {isa = PBXFileReference; lastKnownFileType = sourcecode.swift; path = UserDefaultsHelper.swift; sourceTree = "<group>"; };
		017A82272A0ED07900EB3BD0 /* TransferListDomainModel.swift */ = {isa = PBXFileReference; lastKnownFileType = sourcecode.swift; path = TransferListDomainModel.swift; sourceTree = "<group>"; };
		01940FFA2A0E26EC00BC7454 /* BaseCoordinator.swift */ = {isa = PBXFileReference; fileEncoding = 4; lastKnownFileType = sourcecode.swift; path = BaseCoordinator.swift; sourceTree = "<group>"; };
		01940FFC2A0E26EC00BC7454 /* ApplicationDataContainer.swift */ = {isa = PBXFileReference; fileEncoding = 4; lastKnownFileType = sourcecode.swift; path = ApplicationDataContainer.swift; sourceTree = "<group>"; };
		01940FFD2A0E26EC00BC7454 /* DependencyContainer.swift */ = {isa = PBXFileReference; fileEncoding = 4; lastKnownFileType = sourcecode.swift; path = DependencyContainer.swift; sourceTree = "<group>"; };
		01940FFE2A0E26EC00BC7454 /* ApplicationFlow.swift */ = {isa = PBXFileReference; fileEncoding = 4; lastKnownFileType = sourcecode.swift; path = ApplicationFlow.swift; sourceTree = "<group>"; };
		019410012A0E26EC00BC7454 /* RequestHeaderBuilder.swift */ = {isa = PBXFileReference; fileEncoding = 4; lastKnownFileType = sourcecode.swift; path = RequestHeaderBuilder.swift; sourceTree = "<group>"; };
		019410022A0E26EC00BC7454 /* NetworkRouter.swift */ = {isa = PBXFileReference; fileEncoding = 4; lastKnownFileType = sourcecode.swift; path = NetworkRouter.swift; sourceTree = "<group>"; };
		019410032A0E26EC00BC7454 /* Retrier.swift */ = {isa = PBXFileReference; fileEncoding = 4; lastKnownFileType = sourcecode.swift; path = Retrier.swift; sourceTree = "<group>"; };
		019410042A0E26EC00BC7454 /* APIRequest.swift */ = {isa = PBXFileReference; fileEncoding = 4; lastKnownFileType = sourcecode.swift; path = APIRequest.swift; sourceTree = "<group>"; };
		0194100B2A0E26EC00BC7454 /* NetworkServices.swift */ = {isa = PBXFileReference; fileEncoding = 4; lastKnownFileType = sourcecode.swift; path = NetworkServices.swift; sourceTree = "<group>"; };
		0194100C2A0E26EC00BC7454 /* Assets.xcassets */ = {isa = PBXFileReference; lastKnownFileType = folder.assetcatalog; path = Assets.xcassets; sourceTree = "<group>"; };
		0194100E2A0E26EC00BC7454 /* Base */ = {isa = PBXFileReference; lastKnownFileType = file.storyboard; name = Base; path = Base.lproj/LaunchScreen.storyboard; sourceTree = "<group>"; };
		019410102A0E26EC00BC7454 /* UIViewController+Extensions.swift */ = {isa = PBXFileReference; fileEncoding = 4; lastKnownFileType = sourcecode.swift; path = "UIViewController+Extensions.swift"; sourceTree = "<group>"; };
		019410112A0E26EC00BC7454 /* String+Extensions.swift */ = {isa = PBXFileReference; fileEncoding = 4; lastKnownFileType = sourcecode.swift; path = "String+Extensions.swift"; sourceTree = "<group>"; };
		019410122A0E26EC00BC7454 /* UINavigationController+Extension.swift */ = {isa = PBXFileReference; fileEncoding = 4; lastKnownFileType = sourcecode.swift; path = "UINavigationController+Extension.swift"; sourceTree = "<group>"; };
		019410132A0E26EC00BC7454 /* AppDelegate.swift */ = {isa = PBXFileReference; fileEncoding = 4; lastKnownFileType = sourcecode.swift; path = AppDelegate.swift; sourceTree = "<group>"; };
		019410252A0E26EC00BC7454 /* Info.plist */ = {isa = PBXFileReference; fileEncoding = 4; lastKnownFileType = text.plist.xml; path = Info.plist; sourceTree = "<group>"; };
		019410272A0E26EC00BC7454 /* BaseViewController.swift */ = {isa = PBXFileReference; fileEncoding = 4; lastKnownFileType = sourcecode.swift; path = BaseViewController.swift; sourceTree = "<group>"; };
		019410282A0E26EC00BC7454 /* BaseViewModel.swift */ = {isa = PBXFileReference; fileEncoding = 4; lastKnownFileType = sourcecode.swift; path = BaseViewModel.swift; sourceTree = "<group>"; };
		019410292A0E26EC00BC7454 /* AppEnvironment.swift */ = {isa = PBXFileReference; fileEncoding = 4; lastKnownFileType = sourcecode.swift; path = AppEnvironment.swift; sourceTree = "<group>"; };
		0194102A2A0E26EC00BC7454 /* StoryboardInstantiable.swift */ = {isa = PBXFileReference; fileEncoding = 4; lastKnownFileType = sourcecode.swift; path = StoryboardInstantiable.swift; sourceTree = "<group>"; };
		0194104D2A0E2A2400BC7454 /* UIView+Extensions.swift */ = {isa = PBXFileReference; lastKnownFileType = sourcecode.swift; path = "UIView+Extensions.swift"; sourceTree = "<group>"; };
		019410502A0E2B3800BC7454 /* PlistHelper.swift */ = {isa = PBXFileReference; lastKnownFileType = sourcecode.swift; path = PlistHelper.swift; sourceTree = "<group>"; };
		019410522A0E2C5E00BC7454 /* TransferListServices.swift */ = {isa = PBXFileReference; lastKnownFileType = sourcecode.swift; path = TransferListServices.swift; sourceTree = "<group>"; };
		019410542A0E2C9300BC7454 /* TransferListModel.swift */ = {isa = PBXFileReference; lastKnownFileType = sourcecode.swift; path = TransferListModel.swift; sourceTree = "<group>"; };
		019410562A0E2CC800BC7454 /* PersonModel.swift */ = {isa = PBXFileReference; lastKnownFileType = sourcecode.swift; path = PersonModel.swift; sourceTree = "<group>"; };
		019410582A0E2CF100BC7454 /* CardModel.swift */ = {isa = PBXFileReference; lastKnownFileType = sourcecode.swift; path = CardModel.swift; sourceTree = "<group>"; };
		0194105A2A0E2D1C00BC7454 /* MoreInfoModel.swift */ = {isa = PBXFileReference; lastKnownFileType = sourcecode.swift; path = MoreInfoModel.swift; sourceTree = "<group>"; };
		019410602A0E2FE300BC7454 /* TransferListCoordinator.swift */ = {isa = PBXFileReference; lastKnownFileType = sourcecode.swift; path = TransferListCoordinator.swift; sourceTree = "<group>"; };
		019410622A0E2FFB00BC7454 /* TransferListViewModel.swift */ = {isa = PBXFileReference; lastKnownFileType = sourcecode.swift; path = TransferListViewModel.swift; sourceTree = "<group>"; };
		019410642A0E301B00BC7454 /* TransferListViewController.swift */ = {isa = PBXFileReference; lastKnownFileType = sourcecode.swift; path = TransferListViewController.swift; sourceTree = "<group>"; };
		019410662A0E310500BC7454 /* TransferListViewController.storyboard */ = {isa = PBXFileReference; lastKnownFileType = file.storyboard; path = TransferListViewController.storyboard; sourceTree = "<group>"; };
		0194106F2A0E3B7300BC7454 /* TransferListTVC.swift */ = {isa = PBXFileReference; lastKnownFileType = sourcecode.swift; path = TransferListTVC.swift; sourceTree = "<group>"; };
		019410702A0E3B7300BC7454 /* TransferListTVC.xib */ = {isa = PBXFileReference; lastKnownFileType = file.xib; path = TransferListTVC.xib; sourceTree = "<group>"; };
		019410772A0E78F000BC7454 /* TransferDetailCoordinator.swift */ = {isa = PBXFileReference; lastKnownFileType = sourcecode.swift; path = TransferDetailCoordinator.swift; sourceTree = "<group>"; };
		019410792A0E792200BC7454 /* TransferDetailViewModel.swift */ = {isa = PBXFileReference; lastKnownFileType = sourcecode.swift; path = TransferDetailViewModel.swift; sourceTree = "<group>"; };
		0194107B2A0E793800BC7454 /* TransferDetailViewController.swift */ = {isa = PBXFileReference; lastKnownFileType = sourcecode.swift; path = TransferDetailViewController.swift; sourceTree = "<group>"; };
		0194107D2A0E794600BC7454 /* TransferDetailViewController.storyboard */ = {isa = PBXFileReference; lastKnownFileType = file.storyboard; path = TransferDetailViewController.storyboard; sourceTree = "<group>"; };
		D5FC175B29ED68DB005800F4 /* BatTransferList.app */ = {isa = PBXFileReference; explicitFileType = wrapper.application; includeInIndex = 0; path = BatTransferList.app; sourceTree = BUILT_PRODUCTS_DIR; };
/* End PBXFileReference section */

/* Begin PBXFrameworksBuildPhase section */
		D5FC175829ED68DB005800F4 /* Frameworks */ = {
			isa = PBXFrameworksBuildPhase;
			buildActionMask = 2147483647;
			files = (
				0194104C2A0E290600BC7454 /* SDWebImage in Frameworks */,
				0194106A2A0E327600BC7454 /* AlamofireEasyLogger in Frameworks */,
				D5FC179D29ED7BD2005800F4 /* Swime in Frameworks */,
				D5FC178B29ED694A005800F4 /* Alamofire in Frameworks */,
			);
			runOnlyForDeploymentPostprocessing = 0;
		};
/* End PBXFrameworksBuildPhase section */

/* Begin PBXGroup section */
		017A82082A0E828000EB3BD0 /* XIB */ = {
			isa = PBXGroup;
			children = (
				017A820D2A0E82DE00EB3BD0 /* Header */,
				017A820C2A0E82A200EB3BD0 /* Note */,
				017A820B2A0E829B00EB3BD0 /* Transfer */,
				017A820A2A0E829300EB3BD0 /* Card */,
				017A82092A0E828B00EB3BD0 /* Personal */,
			);
			path = XIB;
			sourceTree = "<group>";
		};
		017A82092A0E828B00EB3BD0 /* Personal */ = {
			isa = PBXGroup;
			children = (
				017A820E2A0E82F800EB3BD0 /* PersonalTVC.swift */,
				017A820F2A0E82F800EB3BD0 /* PersonalTVC.xib */,
			);
			path = Personal;
			sourceTree = "<group>";
		};
		017A820A2A0E829300EB3BD0 /* Card */ = {
			isa = PBXGroup;
			children = (
				017A82132A0E831400EB3BD0 /* CardTVC.swift */,
				017A82142A0E831400EB3BD0 /* CardTVC.xib */,
			);
			path = Card;
			sourceTree = "<group>";
		};
		017A820B2A0E829B00EB3BD0 /* Transfer */ = {
			isa = PBXGroup;
			children = (
				017A82172A0E832200EB3BD0 /* TransferTVC.swift */,
				017A82182A0E832200EB3BD0 /* TransferTVC.xib */,
			);
			path = Transfer;
			sourceTree = "<group>";
		};
		017A820C2A0E82A200EB3BD0 /* Note */ = {
			isa = PBXGroup;
			children = (
				017A821B2A0E833300EB3BD0 /* NoteTVC.swift */,
				017A821C2A0E833300EB3BD0 /* NoteTVC.xib */,
			);
			path = Note;
			sourceTree = "<group>";
		};
		017A820D2A0E82DE00EB3BD0 /* Header */ = {
			isa = PBXGroup;
			children = (
				017A821F2A0E834100EB3BD0 /* HeaderTVC.swift */,
				017A82202A0E834100EB3BD0 /* HeaderTVC.xib */,
			);
			path = Header;
			sourceTree = "<group>";
		};
		01940FF82A0E26EC00BC7454 /* BatTransferList */ = {
			isa = PBXGroup;
			children = (
				0194106B2A0E347700BC7454 /* Assets */,
				01940FF92A0E26EC00BC7454 /* Coordinator */,
				019410262A0E26EC00BC7454 /* Base */,
				01940FFB2A0E26EC00BC7454 /* DI */,
				0194100F2A0E26EC00BC7454 /* Extensions */,
				01940FFF2A0E26EC00BC7454 /* Network */,
				0194104F2A0E2B2500BC7454 /* Helper */,
				019410142A0E26EC00BC7454 /* Controllers */,
				0194100D2A0E26EC00BC7454 /* LaunchScreen.storyboard */,
				019410132A0E26EC00BC7454 /* AppDelegate.swift */,
				019410252A0E26EC00BC7454 /* Info.plist */,
			);
			path = BatTransferList;
			sourceTree = "<group>";
		};
		01940FF92A0E26EC00BC7454 /* Coordinator */ = {
			isa = PBXGroup;
			children = (
				01940FFA2A0E26EC00BC7454 /* BaseCoordinator.swift */,
			);
			path = Coordinator;
			sourceTree = "<group>";
		};
		01940FFB2A0E26EC00BC7454 /* DI */ = {
			isa = PBXGroup;
			children = (
				01940FFC2A0E26EC00BC7454 /* ApplicationDataContainer.swift */,
				01940FFD2A0E26EC00BC7454 /* DependencyContainer.swift */,
				01940FFE2A0E26EC00BC7454 /* ApplicationFlow.swift */,
			);
			path = DI;
			sourceTree = "<group>";
		};
		01940FFF2A0E26EC00BC7454 /* Network */ = {
			isa = PBXGroup;
			children = (
				019410002A0E26EC00BC7454 /* Core */,
				019410072A0E26EC00BC7454 /* Models */,
				019410092A0E26EC00BC7454 /* Services */,
			);
			path = Network;
			sourceTree = "<group>";
		};
		019410002A0E26EC00BC7454 /* Core */ = {
			isa = PBXGroup;
			children = (
				019410012A0E26EC00BC7454 /* RequestHeaderBuilder.swift */,
				019410022A0E26EC00BC7454 /* NetworkRouter.swift */,
				019410032A0E26EC00BC7454 /* Retrier.swift */,
				019410042A0E26EC00BC7454 /* APIRequest.swift */,
			);
			path = Core;
			sourceTree = "<group>";
		};
		019410072A0E26EC00BC7454 /* Models */ = {
			isa = PBXGroup;
			children = (
				019410542A0E2C9300BC7454 /* TransferListModel.swift */,
				019410562A0E2CC800BC7454 /* PersonModel.swift */,
				019410582A0E2CF100BC7454 /* CardModel.swift */,
				0194105A2A0E2D1C00BC7454 /* MoreInfoModel.swift */,
				017A82272A0ED07900EB3BD0 /* TransferListDomainModel.swift */,
			);
			path = Models;
			sourceTree = "<group>";
		};
		019410092A0E26EC00BC7454 /* Services */ = {
			isa = PBXGroup;
			children = (
				0194100B2A0E26EC00BC7454 /* NetworkServices.swift */,
				019410522A0E2C5E00BC7454 /* TransferListServices.swift */,
			);
			path = Services;
			sourceTree = "<group>";
		};
		0194100F2A0E26EC00BC7454 /* Extensions */ = {
			isa = PBXGroup;
			children = (
				019410102A0E26EC00BC7454 /* UIViewController+Extensions.swift */,
				019410112A0E26EC00BC7454 /* String+Extensions.swift */,
				019410122A0E26EC00BC7454 /* UINavigationController+Extension.swift */,
				0194104D2A0E2A2400BC7454 /* UIView+Extensions.swift */,
				017A82232A0E916300EB3BD0 /* UITableView+Extensions.swift */,
			);
			path = Extensions;
			sourceTree = "<group>";
		};
		019410142A0E26EC00BC7454 /* Controllers */ = {
			isa = PBXGroup;
			children = (
				019410732A0E78B500BC7454 /* TransferDetail */,
				0194105C2A0E2FAC00BC7454 /* TransferList */,
			);
			path = Controllers;
			sourceTree = "<group>";
		};
		019410262A0E26EC00BC7454 /* Base */ = {
			isa = PBXGroup;
			children = (
				019410272A0E26EC00BC7454 /* BaseViewController.swift */,
				019410282A0E26EC00BC7454 /* BaseViewModel.swift */,
				019410292A0E26EC00BC7454 /* AppEnvironment.swift */,
				0194102A2A0E26EC00BC7454 /* StoryboardInstantiable.swift */,
			);
			path = Base;
			sourceTree = "<group>";
		};
		0194104F2A0E2B2500BC7454 /* Helper */ = {
			isa = PBXGroup;
			children = (
				019410502A0E2B3800BC7454 /* PlistHelper.swift */,
				017A82252A0ED02300EB3BD0 /* UserDefaultsHelper.swift */,
			);
			path = Helper;
			sourceTree = "<group>";
		};
		0194105C2A0E2FAC00BC7454 /* TransferList */ = {
			isa = PBXGroup;
			children = (
				0194106C2A0E3B3E00BC7454 /* XIB */,
				0194105F2A0E2FC800BC7454 /* Coordinator */,
				0194105E2A0E2FBF00BC7454 /* ViewModel */,
				0194105D2A0E2FB900BC7454 /* View */,
			);
			path = TransferList;
			sourceTree = "<group>";
		};
		0194105D2A0E2FB900BC7454 /* View */ = {
			isa = PBXGroup;
			children = (
				019410642A0E301B00BC7454 /* TransferListViewController.swift */,
				019410662A0E310500BC7454 /* TransferListViewController.storyboard */,
			);
			path = View;
			sourceTree = "<group>";
		};
		0194105E2A0E2FBF00BC7454 /* ViewModel */ = {
			isa = PBXGroup;
			children = (
				019410622A0E2FFB00BC7454 /* TransferListViewModel.swift */,
			);
			path = ViewModel;
			sourceTree = "<group>";
		};
		0194105F2A0E2FC800BC7454 /* Coordinator */ = {
			isa = PBXGroup;
			children = (
				019410602A0E2FE300BC7454 /* TransferListCoordinator.swift */,
			);
			path = Coordinator;
			sourceTree = "<group>";
		};
		0194106B2A0E347700BC7454 /* Assets */ = {
			isa = PBXGroup;
			children = (
				0194100C2A0E26EC00BC7454 /* Assets.xcassets */,
			);
			path = Assets;
			sourceTree = "<group>";
		};
		0194106C2A0E3B3E00BC7454 /* XIB */ = {
			isa = PBXGroup;
			children = (
				0194106F2A0E3B7300BC7454 /* TransferListTVC.swift */,
				019410702A0E3B7300BC7454 /* TransferListTVC.xib */,
			);
			path = XIB;
			sourceTree = "<group>";
		};
		019410732A0E78B500BC7454 /* TransferDetail */ = {
			isa = PBXGroup;
			children = (
				017A82082A0E828000EB3BD0 /* XIB */,
				019410762A0E78D900BC7454 /* Coordinator */,
				019410752A0E78C500BC7454 /* ViewModel */,
				019410742A0E78BF00BC7454 /* View */,
			);
			path = TransferDetail;
			sourceTree = "<group>";
		};
		019410742A0E78BF00BC7454 /* View */ = {
			isa = PBXGroup;
			children = (
				0194107B2A0E793800BC7454 /* TransferDetailViewController.swift */,
				0194107D2A0E794600BC7454 /* TransferDetailViewController.storyboard */,
			);
			path = View;
			sourceTree = "<group>";
		};
		019410752A0E78C500BC7454 /* ViewModel */ = {
			isa = PBXGroup;
			children = (
				019410792A0E792200BC7454 /* TransferDetailViewModel.swift */,
			);
			path = ViewModel;
			sourceTree = "<group>";
		};
		019410762A0E78D900BC7454 /* Coordinator */ = {
			isa = PBXGroup;
			children = (
				019410772A0E78F000BC7454 /* TransferDetailCoordinator.swift */,
			);
			path = Coordinator;
			sourceTree = "<group>";
		};
		D5FC175229ED68DB005800F4 = {
			isa = PBXGroup;
			children = (
				01940FF82A0E26EC00BC7454 /* BatTransferList */,
				D5FC175C29ED68DB005800F4 /* Products */,
			);
			sourceTree = "<group>";
		};
		D5FC175C29ED68DB005800F4 /* Products */ = {
			isa = PBXGroup;
			children = (
				D5FC175B29ED68DB005800F4 /* BatTransferList.app */,
			);
			name = Products;
			sourceTree = "<group>";
		};
/* End PBXGroup section */

/* Begin PBXNativeTarget section */
		D5FC175A29ED68DB005800F4 /* BatTransferList */ = {
			isa = PBXNativeTarget;
			buildConfigurationList = D5FC176F29ED68DC005800F4 /* Build configuration list for PBXNativeTarget "BatTransferList" */;
			buildPhases = (
				D5FC175729ED68DB005800F4 /* Sources */,
				D5FC175829ED68DB005800F4 /* Frameworks */,
				D5FC175929ED68DB005800F4 /* Resources */,
			);
			buildRules = (
			);
			dependencies = (
			);
			name = BatTransferList;
			packageProductDependencies = (
				D5FC178A29ED694A005800F4 /* Alamofire */,
				D5FC179C29ED7BD2005800F4 /* Swime */,
				0194104B2A0E290600BC7454 /* SDWebImage */,
				019410692A0E327600BC7454 /* AlamofireEasyLogger */,
			);
			productName = Architecture;
			productReference = D5FC175B29ED68DB005800F4 /* BatTransferList.app */;
			productType = "com.apple.product-type.application";
		};
/* End PBXNativeTarget section */

/* Begin PBXProject section */
		D5FC175329ED68DB005800F4 /* Project object */ = {
			isa = PBXProject;
			attributes = {
				BuildIndependentTargetsInParallel = 1;
				LastSwiftUpdateCheck = 1430;
				LastUpgradeCheck = 1430;
				TargetAttributes = {
					D5FC175A29ED68DB005800F4 = {
						CreatedOnToolsVersion = 14.3;
					};
				};
			};
			buildConfigurationList = D5FC175629ED68DB005800F4 /* Build configuration list for PBXProject "BatTransferList" */;
			compatibilityVersion = "Xcode 14.0";
			developmentRegion = en;
			hasScannedForEncodings = 0;
			knownRegions = (
				en,
				Base,
			);
			mainGroup = D5FC175229ED68DB005800F4;
			packageReferences = (
				D5FC178929ED694A005800F4 /* XCRemoteSwiftPackageReference "Alamofire" */,
				D5FC179B29ED7BD2005800F4 /* XCRemoteSwiftPackageReference "Swime" */,
				0194104A2A0E290600BC7454 /* XCRemoteSwiftPackageReference "SDWebImage" */,
				019410682A0E327600BC7454 /* XCRemoteSwiftPackageReference "AlamofireEasyLogger" */,
			);
			productRefGroup = D5FC175C29ED68DB005800F4 /* Products */;
			projectDirPath = "";
			projectRoot = "";
			targets = (
				D5FC175A29ED68DB005800F4 /* BatTransferList */,
			);
		};
/* End PBXProject section */

/* Begin PBXResourcesBuildPhase section */
		D5FC175929ED68DB005800F4 /* Resources */ = {
			isa = PBXResourcesBuildPhase;
			buildActionMask = 2147483647;
			files = (
				019410672A0E310500BC7454 /* TransferListViewController.storyboard in Resources */,
				019410382A0E26ED00BC7454 /* LaunchScreen.storyboard in Resources */,
				017A821A2A0E832200EB3BD0 /* TransferTVC.xib in Resources */,
				019410722A0E3B7300BC7454 /* TransferListTVC.xib in Resources */,
				019410372A0E26ED00BC7454 /* Assets.xcassets in Resources */,
				017A82162A0E831400EB3BD0 /* CardTVC.xib in Resources */,
				017A821E2A0E833300EB3BD0 /* NoteTVC.xib in Resources */,
				0194107E2A0E794600BC7454 /* TransferDetailViewController.storyboard in Resources */,
				017A82222A0E834100EB3BD0 /* HeaderTVC.xib in Resources */,
				017A82112A0E82F800EB3BD0 /* PersonalTVC.xib in Resources */,
			);
			runOnlyForDeploymentPostprocessing = 0;
		};
/* End PBXResourcesBuildPhase section */

/* Begin PBXSourcesBuildPhase section */
		D5FC175729ED68DB005800F4 /* Sources */ = {
			isa = PBXSourcesBuildPhase;
			buildActionMask = 2147483647;
			files = (
				019410782A0E78F000BC7454 /* TransferDetailCoordinator.swift in Sources */,
				0194102D2A0E26ED00BC7454 /* DependencyContainer.swift in Sources */,
				0194102F2A0E26ED00BC7454 /* RequestHeaderBuilder.swift in Sources */,
				019410632A0E2FFB00BC7454 /* TransferListViewModel.swift in Sources */,
				019410362A0E26ED00BC7454 /* NetworkServices.swift in Sources */,
				019410462A0E26ED00BC7454 /* BaseViewController.swift in Sources */,
				019410312A0E26ED00BC7454 /* Retrier.swift in Sources */,
				019410322A0E26ED00BC7454 /* APIRequest.swift in Sources */,
				0194103C2A0E26ED00BC7454 /* AppDelegate.swift in Sources */,
				019410552A0E2C9300BC7454 /* TransferListModel.swift in Sources */,
				0194107A2A0E792200BC7454 /* TransferDetailViewModel.swift in Sources */,
				019410512A0E2B3800BC7454 /* PlistHelper.swift in Sources */,
				0194104E2A0E2A2400BC7454 /* UIView+Extensions.swift in Sources */,
				017A82282A0ED07900EB3BD0 /* TransferListDomainModel.swift in Sources */,
				0194103A2A0E26ED00BC7454 /* String+Extensions.swift in Sources */,
				017A82192A0E832200EB3BD0 /* TransferTVC.swift in Sources */,
				019410472A0E26ED00BC7454 /* BaseViewModel.swift in Sources */,
				019410572A0E2CC800BC7454 /* PersonModel.swift in Sources */,
				019410712A0E3B7300BC7454 /* TransferListTVC.swift in Sources */,
				0194102C2A0E26ED00BC7454 /* ApplicationDataContainer.swift in Sources */,
				019410612A0E2FE300BC7454 /* TransferListCoordinator.swift in Sources */,
				017A82212A0E834100EB3BD0 /* HeaderTVC.swift in Sources */,
				0194102B2A0E26ED00BC7454 /* BaseCoordinator.swift in Sources */,
				019410592A0E2CF100BC7454 /* CardModel.swift in Sources */,
				019410392A0E26ED00BC7454 /* UIViewController+Extensions.swift in Sources */,
				0194105B2A0E2D1C00BC7454 /* MoreInfoModel.swift in Sources */,
				019410492A0E26ED00BC7454 /* StoryboardInstantiable.swift in Sources */,
				0194102E2A0E26ED00BC7454 /* ApplicationFlow.swift in Sources */,
				019410532A0E2C5E00BC7454 /* TransferListServices.swift in Sources */,
				017A82262A0ED02300EB3BD0 /* UserDefaultsHelper.swift in Sources */,
				019410652A0E301B00BC7454 /* TransferListViewController.swift in Sources */,
				0194107C2A0E793800BC7454 /* TransferDetailViewController.swift in Sources */,
				017A82152A0E831400EB3BD0 /* CardTVC.swift in Sources */,
				019410302A0E26ED00BC7454 /* NetworkRouter.swift in Sources */,
				017A821D2A0E833300EB3BD0 /* NoteTVC.swift in Sources */,
				017A82242A0E916300EB3BD0 /* UITableView+Extensions.swift in Sources */,
				017A82102A0E82F800EB3BD0 /* PersonalTVC.swift in Sources */,
				0194103B2A0E26ED00BC7454 /* UINavigationController+Extension.swift in Sources */,
				019410482A0E26ED00BC7454 /* AppEnvironment.swift in Sources */,
			);
			runOnlyForDeploymentPostprocessing = 0;
		};
/* End PBXSourcesBuildPhase section */

/* Begin PBXVariantGroup section */
		0194100D2A0E26EC00BC7454 /* LaunchScreen.storyboard */ = {
			isa = PBXVariantGroup;
			children = (
				0194100E2A0E26EC00BC7454 /* Base */,
			);
			name = LaunchScreen.storyboard;
			sourceTree = "<group>";
		};
/* End PBXVariantGroup section */

/* Begin XCBuildConfiguration section */
		D5FC176D29ED68DC005800F4 /* Debug */ = {
			isa = XCBuildConfiguration;
			buildSettings = {
				ALWAYS_SEARCH_USER_PATHS = NO;
				CLANG_ANALYZER_NONNULL = YES;
				CLANG_ANALYZER_NUMBER_OBJECT_CONVERSION = YES_AGGRESSIVE;
				CLANG_CXX_LANGUAGE_STANDARD = "gnu++20";
				CLANG_ENABLE_MODULES = YES;
				CLANG_ENABLE_OBJC_ARC = YES;
				CLANG_ENABLE_OBJC_WEAK = YES;
				CLANG_WARN_BLOCK_CAPTURE_AUTORELEASING = YES;
				CLANG_WARN_BOOL_CONVERSION = YES;
				CLANG_WARN_COMMA = YES;
				CLANG_WARN_CONSTANT_CONVERSION = YES;
				CLANG_WARN_DEPRECATED_OBJC_IMPLEMENTATIONS = YES;
				CLANG_WARN_DIRECT_OBJC_ISA_USAGE = YES_ERROR;
				CLANG_WARN_DOCUMENTATION_COMMENTS = YES;
				CLANG_WARN_EMPTY_BODY = YES;
				CLANG_WARN_ENUM_CONVERSION = YES;
				CLANG_WARN_INFINITE_RECURSION = YES;
				CLANG_WARN_INT_CONVERSION = YES;
				CLANG_WARN_NON_LITERAL_NULL_CONVERSION = YES;
				CLANG_WARN_OBJC_IMPLICIT_RETAIN_SELF = YES;
				CLANG_WARN_OBJC_LITERAL_CONVERSION = YES;
				CLANG_WARN_OBJC_ROOT_CLASS = YES_ERROR;
				CLANG_WARN_QUOTED_INCLUDE_IN_FRAMEWORK_HEADER = YES;
				CLANG_WARN_RANGE_LOOP_ANALYSIS = YES;
				CLANG_WARN_STRICT_PROTOTYPES = YES;
				CLANG_WARN_SUSPICIOUS_MOVE = YES;
				CLANG_WARN_UNGUARDED_AVAILABILITY = YES_AGGRESSIVE;
				CLANG_WARN_UNREACHABLE_CODE = YES;
				CLANG_WARN__DUPLICATE_METHOD_MATCH = YES;
				COPY_PHASE_STRIP = NO;
				DEBUG_INFORMATION_FORMAT = dwarf;
				ENABLE_STRICT_OBJC_MSGSEND = YES;
				ENABLE_TESTABILITY = YES;
				GCC_C_LANGUAGE_STANDARD = gnu11;
				GCC_DYNAMIC_NO_PIC = NO;
				GCC_NO_COMMON_BLOCKS = YES;
				GCC_OPTIMIZATION_LEVEL = 0;
				GCC_PREPROCESSOR_DEFINITIONS = (
					"DEBUG=1",
					"$(inherited)",
				);
				GCC_WARN_64_TO_32_BIT_CONVERSION = YES;
				GCC_WARN_ABOUT_RETURN_TYPE = YES_ERROR;
				GCC_WARN_UNDECLARED_SELECTOR = YES;
				GCC_WARN_UNINITIALIZED_AUTOS = YES_AGGRESSIVE;
				GCC_WARN_UNUSED_FUNCTION = YES;
				GCC_WARN_UNUSED_VARIABLE = YES;
				INFOPLIST_FILE = BatTransferList/info.plist;
				IPHONEOS_DEPLOYMENT_TARGET = 16.4;
				MTL_ENABLE_DEBUG_INFO = INCLUDE_SOURCE;
				MTL_FAST_MATH = YES;
				ONLY_ACTIVE_ARCH = YES;
				SDKROOT = iphoneos;
				SWIFT_ACTIVE_COMPILATION_CONDITIONS = DEBUG;
				SWIFT_OPTIMIZATION_LEVEL = "-Onone";
			};
			name = Debug;
		};
		D5FC176E29ED68DC005800F4 /* Release */ = {
			isa = XCBuildConfiguration;
			buildSettings = {
				ALWAYS_SEARCH_USER_PATHS = NO;
				CLANG_ANALYZER_NONNULL = YES;
				CLANG_ANALYZER_NUMBER_OBJECT_CONVERSION = YES_AGGRESSIVE;
				CLANG_CXX_LANGUAGE_STANDARD = "gnu++20";
				CLANG_ENABLE_MODULES = YES;
				CLANG_ENABLE_OBJC_ARC = YES;
				CLANG_ENABLE_OBJC_WEAK = YES;
				CLANG_WARN_BLOCK_CAPTURE_AUTORELEASING = YES;
				CLANG_WARN_BOOL_CONVERSION = YES;
				CLANG_WARN_COMMA = YES;
				CLANG_WARN_CONSTANT_CONVERSION = YES;
				CLANG_WARN_DEPRECATED_OBJC_IMPLEMENTATIONS = YES;
				CLANG_WARN_DIRECT_OBJC_ISA_USAGE = YES_ERROR;
				CLANG_WARN_DOCUMENTATION_COMMENTS = YES;
				CLANG_WARN_EMPTY_BODY = YES;
				CLANG_WARN_ENUM_CONVERSION = YES;
				CLANG_WARN_INFINITE_RECURSION = YES;
				CLANG_WARN_INT_CONVERSION = YES;
				CLANG_WARN_NON_LITERAL_NULL_CONVERSION = YES;
				CLANG_WARN_OBJC_IMPLICIT_RETAIN_SELF = YES;
				CLANG_WARN_OBJC_LITERAL_CONVERSION = YES;
				CLANG_WARN_OBJC_ROOT_CLASS = YES_ERROR;
				CLANG_WARN_QUOTED_INCLUDE_IN_FRAMEWORK_HEADER = YES;
				CLANG_WARN_RANGE_LOOP_ANALYSIS = YES;
				CLANG_WARN_STRICT_PROTOTYPES = YES;
				CLANG_WARN_SUSPICIOUS_MOVE = YES;
				CLANG_WARN_UNGUARDED_AVAILABILITY = YES_AGGRESSIVE;
				CLANG_WARN_UNREACHABLE_CODE = YES;
				CLANG_WARN__DUPLICATE_METHOD_MATCH = YES;
				COPY_PHASE_STRIP = NO;
				DEBUG_INFORMATION_FORMAT = "dwarf-with-dsym";
				ENABLE_NS_ASSERTIONS = NO;
				ENABLE_STRICT_OBJC_MSGSEND = YES;
				GCC_C_LANGUAGE_STANDARD = gnu11;
				GCC_NO_COMMON_BLOCKS = YES;
				GCC_WARN_64_TO_32_BIT_CONVERSION = YES;
				GCC_WARN_ABOUT_RETURN_TYPE = YES_ERROR;
				GCC_WARN_UNDECLARED_SELECTOR = YES;
				GCC_WARN_UNINITIALIZED_AUTOS = YES_AGGRESSIVE;
				GCC_WARN_UNUSED_FUNCTION = YES;
				GCC_WARN_UNUSED_VARIABLE = YES;
				INFOPLIST_FILE = BatTransferList/info.plist;
				IPHONEOS_DEPLOYMENT_TARGET = 16.4;
				MTL_ENABLE_DEBUG_INFO = NO;
				MTL_FAST_MATH = YES;
				SDKROOT = iphoneos;
				SWIFT_COMPILATION_MODE = wholemodule;
				SWIFT_OPTIMIZATION_LEVEL = "-O";
				VALIDATE_PRODUCT = YES;
			};
			name = Release;
		};
		D5FC177029ED68DC005800F4 /* Debug */ = {
			isa = XCBuildConfiguration;
			buildSettings = {
				ASSETCATALOG_COMPILER_APPICON_NAME = AppIcon;
				ASSETCATALOG_COMPILER_GLOBAL_ACCENT_COLOR_NAME = AccentColor;
				CODE_SIGN_STYLE = Automatic;
				CURRENT_PROJECT_VERSION = 1;
				GENERATE_INFOPLIST_FILE = YES;
				INFOPLIST_FILE = BatTransferList/Info.plist;
				INFOPLIST_KEY_UIApplicationSupportsIndirectInputEvents = YES;
				INFOPLIST_KEY_UILaunchStoryboardName = LaunchScreen;
				INFOPLIST_KEY_UIMainStoryboardFile = "";
				INFOPLIST_KEY_UISupportedInterfaceOrientations = UIInterfaceOrientationPortrait;
				INFOPLIST_KEY_UISupportedInterfaceOrientations_iPad = "UIInterfaceOrientationLandscapeLeft UIInterfaceOrientationLandscapeRight UIInterfaceOrientationPortrait UIInterfaceOrientationPortraitUpsideDown";
				IPHONEOS_DEPLOYMENT_TARGET = 14.0;
				LD_RUNPATH_SEARCH_PATHS = (
					"$(inherited)",
					"@executable_path/Frameworks",
				);
				MARKETING_VERSION = 1.0;
				PRODUCT_BUNDLE_IDENTIFIER = com.siamak.BatTransferList;
				PRODUCT_NAME = "$(TARGET_NAME)";
				SUPPORTED_PLATFORMS = "iphoneos iphonesimulator";
				SUPPORTS_MACCATALYST = NO;
				SUPPORTS_MAC_DESIGNED_FOR_IPHONE_IPAD = NO;
				SWIFT_EMIT_LOC_STRINGS = YES;
				SWIFT_VERSION = 5.0;
				TARGETED_DEVICE_FAMILY = 1;
			};
			name = Debug;
		};
		D5FC177129ED68DC005800F4 /* Release */ = {
			isa = XCBuildConfiguration;
			buildSettings = {
				ASSETCATALOG_COMPILER_APPICON_NAME = AppIcon;
				ASSETCATALOG_COMPILER_GLOBAL_ACCENT_COLOR_NAME = AccentColor;
				CODE_SIGN_STYLE = Automatic;
				CURRENT_PROJECT_VERSION = 1;
				GENERATE_INFOPLIST_FILE = YES;
				INFOPLIST_FILE = BatTransferList/Info.plist;
				INFOPLIST_KEY_UIApplicationSupportsIndirectInputEvents = YES;
				INFOPLIST_KEY_UILaunchStoryboardName = LaunchScreen;
				INFOPLIST_KEY_UIMainStoryboardFile = "";
				INFOPLIST_KEY_UISupportedInterfaceOrientations = UIInterfaceOrientationPortrait;
				INFOPLIST_KEY_UISupportedInterfaceOrientations_iPad = "UIInterfaceOrientationLandscapeLeft UIInterfaceOrientationLandscapeRight UIInterfaceOrientationPortrait UIInterfaceOrientationPortraitUpsideDown";
				IPHONEOS_DEPLOYMENT_TARGET = 14.0;
				LD_RUNPATH_SEARCH_PATHS = (
					"$(inherited)",
					"@executable_path/Frameworks",
				);
				MARKETING_VERSION = 1.0;
				PRODUCT_BUNDLE_IDENTIFIER = com.siamak.BatTransferList;
				PRODUCT_NAME = "$(TARGET_NAME)";
				SUPPORTED_PLATFORMS = "iphoneos iphonesimulator";
				SUPPORTS_MACCATALYST = NO;
				SUPPORTS_MAC_DESIGNED_FOR_IPHONE_IPAD = NO;
				SWIFT_EMIT_LOC_STRINGS = YES;
				SWIFT_VERSION = 5.0;
				TARGETED_DEVICE_FAMILY = 1;
			};
			name = Release;
		};
/* End XCBuildConfiguration section */

/* Begin XCConfigurationList section */
		D5FC175629ED68DB005800F4 /* Build configuration list for PBXProject "BatTransferList" */ = {
			isa = XCConfigurationList;
			buildConfigurations = (
				D5FC176D29ED68DC005800F4 /* Debug */,
				D5FC176E29ED68DC005800F4 /* Release */,
			);
			defaultConfigurationIsVisible = 0;
			defaultConfigurationName = Release;
		};
		D5FC176F29ED68DC005800F4 /* Build configuration list for PBXNativeTarget "BatTransferList" */ = {
			isa = XCConfigurationList;
			buildConfigurations = (
				D5FC177029ED68DC005800F4 /* Debug */,
				D5FC177129ED68DC005800F4 /* Release */,
			);
			defaultConfigurationIsVisible = 0;
			defaultConfigurationName = Release;
		};
/* End XCConfigurationList section */

/* Begin XCRemoteSwiftPackageReference section */
		0194104A2A0E290600BC7454 /* XCRemoteSwiftPackageReference "SDWebImage" */ = {
			isa = XCRemoteSwiftPackageReference;
			repositoryURL = "https://github.com/SDWebImage/SDWebImage";
			requirement = {
				kind = upToNextMinorVersion;
				minimumVersion = 5.9.0;
			};
		};
		019410682A0E327600BC7454 /* XCRemoteSwiftPackageReference "AlamofireEasyLogger" */ = {
			isa = XCRemoteSwiftPackageReference;
			repositoryURL = "https://github.com/strvcom/AlamofireEasyLogger";
			requirement = {
				branch = master;
				kind = branch;
			};
		};
		D5FC178929ED694A005800F4 /* XCRemoteSwiftPackageReference "Alamofire" */ = {
			isa = XCRemoteSwiftPackageReference;
			repositoryURL = "https://github.com/Alamofire/Alamofire";
			requirement = {
				kind = upToNextMinorVersion;
				minimumVersion = 5.6.0;
			};
		};
		D5FC179B29ED7BD2005800F4 /* XCRemoteSwiftPackageReference "Swime" */ = {
			isa = XCRemoteSwiftPackageReference;
			repositoryURL = "https://github.com/sendyhalim/Swime";
			requirement = {
				kind = upToNextMinorVersion;
				minimumVersion = 3.1.0;
			};
		};
/* End XCRemoteSwiftPackageReference section */

/* Begin XCSwiftPackageProductDependency section */
		0194104B2A0E290600BC7454 /* SDWebImage */ = {
			isa = XCSwiftPackageProductDependency;
			package = 0194104A2A0E290600BC7454 /* XCRemoteSwiftPackageReference "SDWebImage" */;
			productName = SDWebImage;
		};
		019410692A0E327600BC7454 /* AlamofireEasyLogger */ = {
			isa = XCSwiftPackageProductDependency;
			package = 019410682A0E327600BC7454 /* XCRemoteSwiftPackageReference "AlamofireEasyLogger" */;
			productName = AlamofireEasyLogger;
		};
		D5FC178A29ED694A005800F4 /* Alamofire */ = {
			isa = XCSwiftPackageProductDependency;
			package = D5FC178929ED694A005800F4 /* XCRemoteSwiftPackageReference "Alamofire" */;
			productName = Alamofire;
		};
		D5FC179C29ED7BD2005800F4 /* Swime */ = {
			isa = XCSwiftPackageProductDependency;
			package = D5FC179B29ED7BD2005800F4 /* XCRemoteSwiftPackageReference "Swime" */;
			productName = Swime;
		};
/* End XCSwiftPackageProductDependency section */
	};
	rootObject = D5FC175329ED68DB005800F4 /* Project object */;
}
